github.com/djherbis/atime v1.0.0 h1:ySLvBAM0EvOGaX7TI4dAM5lWj+RdJUCKtGSEHN8SGBg=
github.com/djherbis/atime v1.0.0/go.mod h1:5W+KBIuTwVGcqjIfaTwt+KSYX1o6uep8dtevevQP/f8=
github.com/gotk3/gotk3 v0.5.2 h1:jbSFvUNMfo3ImM6BWBAkNUxY5piqP3eTc1YFbYy9ecU=
github.com/gotk3/gotk3 v0.5.2/go.mod h1:/hqFpkNa9T3JgNAE2fLvCdov7c5bw//FHNZrZ3Uv9/Q=
